<Solution>
  <Folder Name="/src/">
    <Project Path="src/CineMatch.API/CineMatch.API.csproj" />
    <Project Path="src/CineMatch.Application/CineMatch.Application.csproj" />
    <Project Path="src/CineMatch.Domain/CineMatch.Domain.csproj" />
    <Project Path="src/CineMatch.Infrastructure/CineMatch.Infrastructure.csproj" />
  </Folder>
  <Folder Name="/tests/">
    <Project Path="CineMatch.Tests/CineMatch.Tests.csproj" Id="5176f9b3-b3ae-40e9-a19b-2ca2c98578f2">
      <Build Solution="Debug|*" Project="false" />
    </Project>
  </Folder>
</Solution>
